
Microsoft Visual Studio Solution File, Format Version 12.00
# Visual Studio Version 17
VisualStudioVersion = 17.0.31903.59
MinimumVisualStudioVersion = 10.0.40219.1
Project("{FAE04EC0-301F-11D3-BF4B-00C04F79EFBC}") = "DeviceManager.API", "DeviceManager.API\DeviceManager.API.csproj", "{32F393B6-6F6B-4569-8F54-22E861E8DEA8}"
EndProject
Project("{FAE04EC0-301F-11D3-BF4B-00C04F79EFBC}") = "DeviceManager.Core", "DeviceManager.Core\DeviceManager.Core.csproj", "{DF27AD33-BCC6-45E9-A2C2-2AEB113E9EDF}"
EndProject
Project("{FAE04EC0-301F-11D3-BF4B-00C04F79EFBC}") = "DeviceManager.Infrastructure", "DeviceManager.Infrastructure\DeviceManager.Infrastructure.csproj", "{ABF368F3-B9D0-4271-BE36-334CBE339DC9}"
EndProject
Project("{FAE04EC0-301F-11D3-BF4B-00C04F79EFBC}") = "DeviceManager.Tests", "DeviceManager.Tests\DeviceManager.Tests.csproj", "{C43492C7-C107-422B-A1ED-EB62BBAFD77A}"
EndProject
Global
	GlobalSection(SolutionConfigurationPlatforms) = preSolution
		Debug|Any CPU = Debug|Any CPU
		Debug|x64 = Debug|x64
		Debug|x86 = Debug|x86
		Release|Any CPU = Release|Any CPU
		Release|x64 = Release|x64
		Release|x86 = Release|x86
	EndGlobalSection
	GlobalSection(ProjectConfigurationPlatforms) = postSolution
		{32F393B6-6F6B-4569-8F54-22E861E8DEA8}.Debug|Any CPU.ActiveCfg = Debug|Any CPU
		{32F393B6-6F6B-4569-8F54-22E861E8DEA8}.Debug|Any CPU.Build.0 = Debug|Any CPU
		{32F393B6-6F6B-4569-8F54-22E861E8DEA8}.Debug|x64.ActiveCfg = Debug|Any CPU
		{32F393B6-6F6B-4569-8F54-22E861E8DEA8}.Debug|x64.Build.0 = Debug|Any CPU
		{32F393B6-6F6B-4569-8F54-22E861E8DEA8}.Debug|x86.ActiveCfg = Debug|Any CPU
		{32F393B6-6F6B-4569-8F54-22E861E8DEA8}.Debug|x86.Build.0 = Debug|Any CPU
		{32F393B6-6F6B-4569-8F54-22E861E8DEA8}.Release|Any CPU.ActiveCfg = Release|Any CPU
		{32F393B6-6F6B-4569-8F54-22E861E8DEA8}.Release|Any CPU.Build.0 = Release|Any CPU
		{32F393B6-6F6B-4569-8F54-22E861E8DEA8}.Release|x64.ActiveCfg = Release|Any CPU
		{32F393B6-6F6B-4569-8F54-22E861E8DEA8}.Release|x64.Build.0 = Release|Any CPU
		{32F393B6-6F6B-4569-8F54-22E861E8DEA8}.Release|x86.ActiveCfg = Release|Any CPU
		{32F393B6-6F6B-4569-8F54-22E861E8DEA8}.Release|x86.Build.0 = Release|Any CPU
		{DF27AD33-BCC6-45E9-A2C2-2AEB113E9EDF}.Debug|Any CPU.ActiveCfg = Debug|Any CPU
		{DF27AD33-BCC6-45E9-A2C2-2AEB113E9EDF}.Debug|Any CPU.Build.0 = Debug|Any CPU
		{DF27AD33-BCC6-45E9-A2C2-2AEB113E9EDF}.Debug|x64.ActiveCfg = Debug|Any CPU
		{DF27AD33-BCC6-45E9-A2C2-2AEB113E9EDF}.Debug|x64.Build.0 = Debug|Any CPU
		{DF27AD33-BCC6-45E9-A2C2-2AEB113E9EDF}.Debug|x86.ActiveCfg = Debug|Any CPU
		{DF27AD33-BCC6-45E9-A2C2-2AEB113E9EDF}.Debug|x86.Build.0 = Debug|Any CPU
		{DF27AD33-BCC6-45E9-A2C2-2AEB113E9EDF}.Release|Any CPU.ActiveCfg = Release|Any CPU
		{DF27AD33-BCC6-45E9-A2C2-2AEB113E9EDF}.Release|Any CPU.Build.0 = Release|Any CPU
		{DF27AD33-BCC6-45E9-A2C2-2AEB113E9EDF}.Release|x64.ActiveCfg = Release|Any CPU
		{DF27AD33-BCC6-45E9-A2C2-2AEB113E9EDF}.Release|x64.Build.0 = Release|Any CPU
		{DF27AD33-BCC6-45E9-A2C2-2AEB113E9EDF}.Release|x86.ActiveCfg = Release|Any CPU
		{DF27AD33-BCC6-45E9-A2C2-2AEB113E9EDF}.Release|x86.Build.0 = Release|Any CPU
		{ABF368F3-B9D0-4271-BE36-334CBE339DC9}.Debug|Any CPU.ActiveCfg = Debug|Any CPU
		{ABF368F3-B9D0-4271-BE36-334CBE339DC9}.Debug|Any CPU.Build.0 = Debug|Any CPU
		{ABF368F3-B9D0-4271-BE36-334CBE339DC9}.Debug|x64.ActiveCfg = Debug|Any CPU
		{ABF368F3-B9D0-4271-BE36-334CBE339DC9}.Debug|x64.Build.0 = Debug|Any CPU
		{ABF368F3-B9D0-4271-BE36-334CBE339DC9}.Debug|x86.ActiveCfg = Debug|Any CPU
		{ABF368F3-B9D0-4271-BE36-334CBE339DC9}.Debug|x86.Build.0 = Debug|Any CPU
		{ABF368F3-B9D0-4271-BE36-334CBE339DC9}.Release|Any CPU.ActiveCfg = Release|Any CPU
		{ABF368F3-B9D0-4271-BE36-334CBE339DC9}.Release|Any CPU.Build.0 = Release|Any CPU
		{ABF368F3-B9D0-4271-BE36-334CBE339DC9}.Release|x64.ActiveCfg = Release|Any CPU
		{ABF368F3-B9D0-4271-BE36-334CBE339DC9}.Release|x64.Build.0 = Release|Any CPU
		{ABF368F3-B9D0-4271-BE36-334CBE339DC9}.Release|x86.ActiveCfg = Release|Any CPU
		{ABF368F3-B9D0-4271-BE36-334CBE339DC9}.Release|x86.Build.0 = Release|Any CPU
		{C43492C7-C107-422B-A1ED-EB62BBAFD77A}.Debug|Any CPU.ActiveCfg = Debug|Any CPU
		{C43492C7-C107-422B-A1ED-EB62BBAFD77A}.Debug|Any CPU.Build.0 = Debug|Any CPU
		{C43492C7-C107-422B-A1ED-EB62BBAFD77A}.Debug|x64.ActiveCfg = Debug|Any CPU
		{C43492C7-C107-422B-A1ED-EB62BBAFD77A}.Debug|x64.Build.0 = Debug|Any CPU
		{C43492C7-C107-422B-A1ED-EB62BBAFD77A}.Debug|x86.ActiveCfg = Debug|Any CPU
		{C43492C7-C107-422B-A1ED-EB62BBAFD77A}.Debug|x86.Build.0 = Debug|Any CPU
		{C43492C7-C107-422B-A1ED-EB62BBAFD77A}.Release|Any CPU.ActiveCfg = Release|Any CPU
		{C43492C7-C107-422B-A1ED-EB62BBAFD77A}.Release|Any CPU.Build.0 = Release|Any CPU
		{C43492C7-C107-422B-A1ED-EB62BBAFD77A}.Release|x64.ActiveCfg = Release|Any CPU
		{C43492C7-C107-422B-A1ED-EB62BBAFD77A}.Release|x64.Build.0 = Release|Any CPU
		{C43492C7-C107-422B-A1ED-EB62BBAFD77A}.Release|x86.ActiveCfg = Release|Any CPU
		{C43492C7-C107-422B-A1ED-EB62BBAFD77A}.Release|x86.Build.0 = Release|Any CPU
	EndGlobalSection
	GlobalSection(SolutionProperties) = preSolution
		HideSolutionNode = FALSE
	EndGlobalSection
EndGlobal
